
Microsoft Visual Studio Solution File, Format Version 12.00
# Visual Studio 15
VisualStudioVersion = 15.0.28307.645
MinimumVisualStudioVersion = 10.0.40219.1
Project("{FAE04EC0-301F-11D3-BF4B-00C04F79EFBC}") = "XF.CollectionView.Android", "XF.CollectionView\XF.CollectionView.Android\XF.CollectionView.Android.csproj", "{125D94CA-9FC4-42AC-9181-4EF6D332076E}"
EndProject
Project("{FAE04EC0-301F-11D3-BF4B-00C04F79EFBC}") = "XF.CollectionView.iOS", "XF.CollectionView\XF.CollectionView.iOS\XF.CollectionView.iOS.csproj", "{3B5084FB-A3B3-46AB-8180-F67B94D18907}"
EndProject
Project("{FAE04EC0-301F-11D3-BF4B-00C04F79EFBC}") = "XF.CollectionView", "XF.CollectionView\XF.CollectionView\XF.CollectionView.csproj", "{98FFF761-6B02-472E-93DA-EAAFBD9E68F2}"
EndProject
Global
	GlobalSection(SolutionConfigurationPlatforms) = preSolution
		Ad-Hoc|Any CPU = Ad-Hoc|Any CPU
		Ad-Hoc|iPhone = Ad-Hoc|iPhone
		Ad-Hoc|iPhoneSimulator = Ad-Hoc|iPhoneSimulator
		AppStore|Any CPU = AppStore|Any CPU
		AppStore|iPhone = AppStore|iPhone
		AppStore|iPhoneSimulator = AppStore|iPhoneSimulator
		Debug|Any CPU = Debug|Any CPU
		Debug|iPhone = Debug|iPhone
		Debug|iPhoneSimulator = Debug|iPhoneSimulator
		Release|Any CPU = Release|Any CPU
		Release|iPhone = Release|iPhone
		Release|iPhoneSimulator = Release|iPhoneSimulator
	EndGlobalSection
	GlobalSection(ProjectConfigurationPlatforms) = postSolution
		{125D94CA-9FC4-42AC-9181-4EF6D332076E}.Ad-Hoc|Any CPU.ActiveCfg = Release|Any CPU
		{125D94CA-9FC4-42AC-9181-4EF6D332076E}.Ad-Hoc|Any CPU.Build.0 = Release|Any CPU
		{125D94CA-9FC4-42AC-9181-4EF6D332076E}.Ad-Hoc|Any CPU.Deploy.0 = Release|Any CPU
		{125D94CA-9FC4-42AC-9181-4EF6D332076E}.Ad-Hoc|iPhone.ActiveCfg = Release|Any CPU
		{125D94CA-9FC4-42AC-9181-4EF6D332076E}.Ad-Hoc|iPhone.Build.0 = Release|Any CPU
		{125D94CA-9FC4-42AC-9181-4EF6D332076E}.Ad-Hoc|iPhone.Deploy.0 = Release|Any CPU
		{125D94CA-9FC4-42AC-9181-4EF6D332076E}.Ad-Hoc|iPhoneSimulator.ActiveCfg = Release|Any CPU
		{125D94CA-9FC4-42AC-9181-4EF6D332076E}.Ad-Hoc|iPhoneSimulator.Build.0 = Release|Any CPU
		{125D94CA-9FC4-42AC-9181-4EF6D332076E}.Ad-Hoc|iPhoneSimulator.Deploy.0 = Release|Any CPU
		{125D94CA-9FC4-42AC-9181-4EF6D332076E}.AppStore|Any CPU.ActiveCfg = Release|Any CPU
		{125D94CA-9FC4-42AC-9181-4EF6D332076E}.AppStore|Any CPU.Build.0 = Release|Any CPU
		{125D94CA-9FC4-42AC-9181-4EF6D332076E}.AppStore|Any CPU.Deploy.0 = Release|Any CPU
		{125D94CA-9FC4-42AC-9181-4EF6D332076E}.AppStore|iPhone.ActiveCfg = Release|Any CPU
		{125D94CA-9FC4-42AC-9181-4EF6D332076E}.AppStore|iPhone.Build.0 = Release|Any CPU
		{125D94CA-9FC4-42AC-9181-4EF6D332076E}.AppStore|iPhone.Deploy.0 = Release|Any CPU
		{125D94CA-9FC4-42AC-9181-4EF6D332076E}.AppStore|iPhoneSimulator.ActiveCfg = Release|Any CPU
		{125D94CA-9FC4-42AC-9181-4EF6D332076E}.AppStore|iPhoneSimulator.Build.0 = Release|Any CPU
		{125D94CA-9FC4-42AC-9181-4EF6D332076E}.AppStore|iPhoneSimulator.Deploy.0 = Release|Any CPU
		{125D94CA-9FC4-42AC-9181-4EF6D332076E}.Debug|Any CPU.ActiveCfg = Debug|Any CPU
		{125D94CA-9FC4-42AC-9181-4EF6D332076E}.Debug|Any CPU.Build.0 = Debug|Any CPU
		{125D94CA-9FC4-42AC-9181-4EF6D332076E}.Debug|Any CPU.Deploy.0 = Debug|Any CPU
		{125D94CA-9FC4-42AC-9181-4EF6D332076E}.Debug|iPhone.ActiveCfg = Debug|Any CPU
		{125D94CA-9FC4-42AC-9181-4EF6D332076E}.Debug|iPhone.Build.0 = Debug|Any CPU
		{125D94CA-9FC4-42AC-9181-4EF6D332076E}.Debug|iPhone.Deploy.0 = Debug|Any CPU
		{125D94CA-9FC4-42AC-9181-4EF6D332076E}.Debug|iPhoneSimulator.ActiveCfg = Debug|Any CPU
		{125D94CA-9FC4-42AC-9181-4EF6D332076E}.Debug|iPhoneSimulator.Build.0 = Debug|Any CPU
		{125D94CA-9FC4-42AC-9181-4EF6D332076E}.Debug|iPhoneSimulator.Deploy.0 = Debug|Any CPU
		{125D94CA-9FC4-42AC-9181-4EF6D332076E}.Release|Any CPU.ActiveCfg = Release|Any CPU
		{125D94CA-9FC4-42AC-9181-4EF6D332076E}.Release|Any CPU.Build.0 = Release|Any CPU
		{125D94CA-9FC4-42AC-9181-4EF6D332076E}.Release|Any CPU.Deploy.0 = Release|Any CPU
		{125D94CA-9FC4-42AC-9181-4EF6D332076E}.Release|iPhone.ActiveCfg = Release|Any CPU
		{125D94CA-9FC4-42AC-9181-4EF6D332076E}.Release|iPhone.Build.0 = Release|Any CPU
		{125D94CA-9FC4-42AC-9181-4EF6D332076E}.Release|iPhone.Deploy.0 = Release|Any CPU
		{125D94CA-9FC4-42AC-9181-4EF6D332076E}.Release|iPhoneSimulator.ActiveCfg = Release|Any CPU
		{125D94CA-9FC4-42AC-9181-4EF6D332076E}.Release|iPhoneSimulator.Build.0 = Release|Any CPU
		{125D94CA-9FC4-42AC-9181-4EF6D332076E}.Release|iPhoneSimulator.Deploy.0 = Release|Any CPU
		{3B5084FB-A3B3-46AB-8180-F67B94D18907}.Ad-Hoc|Any CPU.ActiveCfg = Ad-Hoc|iPhone
		{3B5084FB-A3B3-46AB-8180-F67B94D18907}.Ad-Hoc|Any CPU.Build.0 = Ad-Hoc|iPhone
		{3B5084FB-A3B3-46AB-8180-F67B94D18907}.Ad-Hoc|Any CPU.Deploy.0 = Ad-Hoc|iPhone
		{3B5084FB-A3B3-46AB-8180-F67B94D18907}.Ad-Hoc|iPhone.ActiveCfg = Ad-Hoc|iPhone
		{3B5084FB-A3B3-46AB-8180-F67B94D18907}.Ad-Hoc|iPhone.Build.0 = Ad-Hoc|iPhone
		{3B5084FB-A3B3-46AB-8180-F67B94D18907}.Ad-Hoc|iPhone.Deploy.0 = Ad-Hoc|iPhone
		{3B5084FB-A3B3-46AB-8180-F67B94D18907}.Ad-Hoc|iPhoneSimulator.ActiveCfg = Ad-Hoc|iPhoneSimulator
		{3B5084FB-A3B3-46AB-8180-F67B94D18907}.Ad-Hoc|iPhoneSimulator.Build.0 = Ad-Hoc|iPhoneSimulator
		{3B5084FB-A3B3-46AB-8180-F67B94D18907}.Ad-Hoc|iPhoneSimulator.Deploy.0 = Ad-Hoc|iPhoneSimulator
		{3B5084FB-A3B3-46AB-8180-F67B94D18907}.AppStore|Any CPU.ActiveCfg = AppStore|iPhone
		{3B5084FB-A3B3-46AB-8180-F67B94D18907}.AppStore|Any CPU.Build.0 = AppStore|iPhone
		{3B5084FB-A3B3-46AB-8180-F67B94D18907}.AppStore|Any CPU.Deploy.0 = AppStore|iPhone
		{3B5084FB-A3B3-46AB-8180-F67B94D18907}.AppStore|iPhone.ActiveCfg = AppStore|iPhone
		{3B5084FB-A3B3-46AB-8180-F67B94D18907}.AppStore|iPhone.Build.0 = AppStore|iPhone
		{3B5084FB-A3B3-46AB-8180-F67B94D18907}.AppStore|iPhone.Deploy.0 = AppStore|iPhone
		{3B5084FB-A3B3-46AB-8180-F67B94D18907}.AppStore|iPhoneSimulator.ActiveCfg = AppStore|iPhoneSimulator
		{3B5084FB-A3B3-46AB-8180-F67B94D18907}.AppStore|iPhoneSimulator.Build.0 = AppStore|iPhoneSimulator
		{3B5084FB-A3B3-46AB-8180-F67B94D18907}.AppStore|iPhoneSimulator.Deploy.0 = AppStore|iPhoneSimulator
		{3B5084FB-A3B3-46AB-8180-F67B94D18907}.Debug|Any CPU.ActiveCfg = Debug|iPhoneSimulator
		{3B5084FB-A3B3-46AB-8180-F67B94D18907}.Debug|Any CPU.Build.0 = Debug|iPhoneSimulator
		{3B5084FB-A3B3-46AB-8180-F67B94D18907}.Debug|Any CPU.Deploy.0 = Debug|iPhoneSimulator
		{3B5084FB-A3B3-46AB-8180-F67B94D18907}.Debug|iPhone.ActiveCfg = Debug|iPhone
		{3B5084FB-A3B3-46AB-8180-F67B94D18907}.Debug|iPhone.Build.0 = Debug|iPhone
		{3B5084FB-A3B3-46AB-8180-F67B94D18907}.Debug|iPhone.Deploy.0 = Debug|iPhone
		{3B5084FB-A3B3-46AB-8180-F67B94D18907}.Debug|iPhoneSimulator.ActiveCfg = Debug|iPhoneSimulator
		{3B5084FB-A3B3-46AB-8180-F67B94D18907}.Debug|iPhoneSimulator.Build.0 = Debug|iPhoneSimulator
		{3B5084FB-A3B3-46AB-8180-F67B94D18907}.Debug|iPhoneSimulator.Deploy.0 = Debug|iPhoneSimulator
		{3B5084FB-A3B3-46AB-8180-F67B94D18907}.Release|Any CPU.ActiveCfg = Release|iPhone
		{3B5084FB-A3B3-46AB-8180-F67B94D18907}.Release|Any CPU.Build.0 = Release|iPhone
		{3B5084FB-A3B3-46AB-8180-F67B94D18907}.Release|Any CPU.Deploy.0 = Release|iPhone
		{3B5084FB-A3B3-46AB-8180-F67B94D18907}.Release|iPhone.ActiveCfg = Release|iPhone
		{3B5084FB-A3B3-46AB-8180-F67B94D18907}.Release|iPhone.Build.0 = Release|iPhone
		{3B5084FB-A3B3-46AB-8180-F67B94D18907}.Release|iPhone.Deploy.0 = Release|iPhone
		{3B5084FB-A3B3-46AB-8180-F67B94D18907}.Release|iPhoneSimulator.ActiveCfg = Release|iPhoneSimulator
		{3B5084FB-A3B3-46AB-8180-F67B94D18907}.Release|iPhoneSimulator.Build.0 = Release|iPhoneSimulator
		{3B5084FB-A3B3-46AB-8180-F67B94D18907}.Release|iPhoneSimulator.Deploy.0 = Release|iPhoneSimulator
		{98FFF761-6B02-472E-93DA-EAAFBD9E68F2}.Ad-Hoc|Any CPU.ActiveCfg = Debug|Any CPU
		{98FFF761-6B02-472E-93DA-EAAFBD9E68F2}.Ad-Hoc|Any CPU.Build.0 = Debug|Any CPU
		{98FFF761-6B02-472E-93DA-EAAFBD9E68F2}.Ad-Hoc|Any CPU.Deploy.0 = Debug|Any CPU
		{98FFF761-6B02-472E-93DA-EAAFBD9E68F2}.Ad-Hoc|iPhone.ActiveCfg = Debug|Any CPU
		{98FFF761-6B02-472E-93DA-EAAFBD9E68F2}.Ad-Hoc|iPhone.Build.0 = Debug|Any CPU
		{98FFF761-6B02-472E-93DA-EAAFBD9E68F2}.Ad-Hoc|iPhone.Deploy.0 = Debug|Any CPU
		{98FFF761-6B02-472E-93DA-EAAFBD9E68F2}.Ad-Hoc|iPhoneSimulator.ActiveCfg = Debug|Any CPU
		{98FFF761-6B02-472E-93DA-EAAFBD9E68F2}.Ad-Hoc|iPhoneSimulator.Build.0 = Debug|Any CPU
		{98FFF761-6B02-472E-93DA-EAAFBD9E68F2}.Ad-Hoc|iPhoneSimulator.Deploy.0 = Debug|Any CPU
		{98FFF761-6B02-472E-93DA-EAAFBD9E68F2}.AppStore|Any CPU.ActiveCfg = Debug|Any CPU
		{98FFF761-6B02-472E-93DA-EAAFBD9E68F2}.AppStore|Any CPU.Build.0 = Debug|Any CPU
		{98FFF761-6B02-472E-93DA-EAAFBD9E68F2}.AppStore|Any CPU.Deploy.0 = Debug|Any CPU
		{98FFF761-6B02-472E-93DA-EAAFBD9E68F2}.AppStore|iPhone.ActiveCfg = Debug|Any CPU
		{98FFF761-6B02-472E-93DA-EAAFBD9E68F2}.AppStore|iPhone.Build.0 = Debug|Any CPU
		{98FFF761-6B02-472E-93DA-EAAFBD9E68F2}.AppStore|iPhone.Deploy.0 = Debug|Any CPU
		{98FFF761-6B02-472E-93DA-EAAFBD9E68F2}.AppStore|iPhoneSimulator.ActiveCfg = Debug|Any CPU
		{98FFF761-6B02-472E-93DA-EAAFBD9E68F2}.AppStore|iPhoneSimulator.Build.0 = Debug|Any CPU
		{98FFF761-6B02-472E-93DA-EAAFBD9E68F2}.AppStore|iPhoneSimulator.Deploy.0 = Debug|Any CPU
		{98FFF761-6B02-472E-93DA-EAAFBD9E68F2}.Debug|Any CPU.ActiveCfg = Debug|Any CPU
		{98FFF761-6B02-472E-93DA-EAAFBD9E68F2}.Debug|Any CPU.Build.0 = Debug|Any CPU
		{98FFF761-6B02-472E-93DA-EAAFBD9E68F2}.Debug|Any CPU.Deploy.0 = Debug|Any CPU
		{98FFF761-6B02-472E-93DA-EAAFBD9E68F2}.Debug|iPhone.ActiveCfg = Debug|Any CPU
		{98FFF761-6B02-472E-93DA-EAAFBD9E68F2}.Debug|iPhone.Build.0 = Debug|Any CPU
		{98FFF761-6B02-472E-93DA-EAAFBD9E68F2}.Debug|iPhone.Deploy.0 = Debug|Any CPU
		{98FFF761-6B02-472E-93DA-EAAFBD9E68F2}.Debug|iPhoneSimulator.ActiveCfg = Debug|Any CPU
		{98FFF761-6B02-472E-93DA-EAAFBD9E68F2}.Debug|iPhoneSimulator.Build.0 = Debug|Any CPU
		{98FFF761-6B02-472E-93DA-EAAFBD9E68F2}.Debug|iPhoneSimulator.Deploy.0 = Debug|Any CPU
		{98FFF761-6B02-472E-93DA-EAAFBD9E68F2}.Release|Any CPU.ActiveCfg = Release|Any CPU
		{98FFF761-6B02-472E-93DA-EAAFBD9E68F2}.Release|Any CPU.Build.0 = Release|Any CPU
		{98FFF761-6B02-472E-93DA-EAAFBD9E68F2}.Release|Any CPU.Deploy.0 = Release|Any CPU
		{98FFF761-6B02-472E-93DA-EAAFBD9E68F2}.Release|iPhone.ActiveCfg = Release|Any CPU
		{98FFF761-6B02-472E-93DA-EAAFBD9E68F2}.Release|iPhone.Build.0 = Release|Any CPU
		{98FFF761-6B02-472E-93DA-EAAFBD9E68F2}.Release|iPhone.Deploy.0 = Release|Any CPU
		{98FFF761-6B02-472E-93DA-EAAFBD9E68F2}.Release|iPhoneSimulator.ActiveCfg = Release|Any CPU
		{98FFF761-6B02-472E-93DA-EAAFBD9E68F2}.Release|iPhoneSimulator.Build.0 = Release|Any CPU
		{98FFF761-6B02-472E-93DA-EAAFBD9E68F2}.Release|iPhoneSimulator.Deploy.0 = Release|Any CPU
	EndGlobalSection
	GlobalSection(SolutionProperties) = preSolution
		HideSolutionNode = FALSE
	EndGlobalSection
	GlobalSection(ExtensibilityGlobals) = postSolution
		SolutionGuid = {C18A176A-AC80-4BA0-9F8D-EC250D6A4112}
	EndGlobalSection
EndGlobal
